
Microsoft Visual Studio Solution File, Format Version 12.00
# Visual Studio Version 17
VisualStudioVersion = 17.14.36221.1
MinimumVisualStudioVersion = 10.0.40219.1
Project("{FAE04EC0-301F-11D3-BF4B-00C04F79EFBC}") = "yopet", "yopet\yopet.csproj", "{8114F417-9B4C-4FDD-93C7-8F5F6A52F047}"
EndProject
Project("{FAE04EC0-301F-11D3-BF4B-00C04F79EFBC}") = "yopet.Core", "yopet.Core\yopet.Core.csproj", "{D764603B-2FE7-4982-9540-5AC3CB4A9576}"
EndProject
Project("{FAE04EC0-301F-11D3-BF4B-00C04F79EFBC}") = "yopet.Services", "yopet.Services\yopet.Services.csproj", "{D6BE0C95-7ED0-47D0-8FDA-850E33A031FF}"
EndProject
Project("{FAE04EC0-301F-11D3-BF4B-00C04F79EFBC}") = "yopet.ViewModels", "yopet.ViewModels\yopet.ViewModels.csproj", "{73377596-4476-4A9B-BDE6-F15D11541CE2}"
EndProject
Project("{FAE04EC0-301F-11D3-BF4B-00C04F79EFBC}") = "yopet.Sdk", "yopet.Sdk\yopet.Sdk.csproj", "{A09BF8CC-10DE-4B95-948A-CA392EE62284}"
EndProject
Project("{FAE04EC0-301F-11D3-BF4B-00C04F79EFBC}") = "DeepSeekPlugin", "Plugins\DeepSeekPlugin\DeepSeekPlugin.csproj", "{8AF3CCFC-82C7-4DD9-8C19-8954A6067551}"
EndProject
Project("{2150E333-8FDC-42A3-9474-1A3956D46DE8}") = "Plugins", "Plugins", "{07D57EEB-2F50-60C4-C011-FE4FA775C9A8}"
EndProject
Project("{FAE04EC0-301F-11D3-BF4B-00C04F79EFBC}") = "FileUtilityPlugin", "Plugins\FileUtilityPlugin\FileUtilityPlugin.csproj", "{A03BDC54-45C6-48E5-AB0C-05E225D8382E}"
EndProject
Project("{FAE04EC0-301F-11D3-BF4B-00C04F79EFBC}") = "SessionDemoPlugin", "Plugins\SessionDemoPlugin\SessionDemoPlugin.csproj", "{489B3028-ABFE-4557-99E1-714D2F9680DB}"
EndProject
Project("{FAE04EC0-301F-11D3-BF4B-00C04F79EFBC}") = "HealthReminder", "Plugins\HealthReminder\HealthReminder.csproj", "{A9EA4793-F3D0-444B-B134-8FDAA0253911}"
EndProject
Project("{FAE04EC0-301F-11D3-BF4B-00C04F79EFBC}") = "PinTopPlugin", "Plugins\PinTopPlugin\PinTopPlugin.csproj", "{6DC81664-43CE-4337-A476-8F0164585503}"
EndProject
Project("{FAE04EC0-301F-11D3-BF4B-00C04F79EFBC}") = "SettingPlugin", "plugins\SettingPlugin\SettingPlugin.csproj", "{0CE7594E-04EA-4BCA-B855-48AED9759433}"
EndProject
Global
	GlobalSection(SolutionConfigurationPlatforms) = preSolution
		Debug|Any CPU = Debug|Any CPU
		Debug|x64 = Debug|x64
		Debug|x86 = Debug|x86
		Release|Any CPU = Release|Any CPU
		Release|x64 = Release|x64
		Release|x86 = Release|x86
	EndGlobalSection
	GlobalSection(ProjectConfigurationPlatforms) = postSolution
		{8114F417-9B4C-4FDD-93C7-8F5F6A52F047}.Debug|Any CPU.ActiveCfg = Debug|Any CPU
		{8114F417-9B4C-4FDD-93C7-8F5F6A52F047}.Debug|Any CPU.Build.0 = Debug|Any CPU
		{8114F417-9B4C-4FDD-93C7-8F5F6A52F047}.Debug|x64.ActiveCfg = Debug|Any CPU
		{8114F417-9B4C-4FDD-93C7-8F5F6A52F047}.Debug|x64.Build.0 = Debug|Any CPU
		{8114F417-9B4C-4FDD-93C7-8F5F6A52F047}.Debug|x86.ActiveCfg = Debug|Any CPU
		{8114F417-9B4C-4FDD-93C7-8F5F6A52F047}.Debug|x86.Build.0 = Debug|Any CPU
		{8114F417-9B4C-4FDD-93C7-8F5F6A52F047}.Release|Any CPU.ActiveCfg = Release|Any CPU
		{8114F417-9B4C-4FDD-93C7-8F5F6A52F047}.Release|Any CPU.Build.0 = Release|Any CPU
		{8114F417-9B4C-4FDD-93C7-8F5F6A52F047}.Release|x64.ActiveCfg = Release|Any CPU
		{8114F417-9B4C-4FDD-93C7-8F5F6A52F047}.Release|x64.Build.0 = Release|Any CPU
		{8114F417-9B4C-4FDD-93C7-8F5F6A52F047}.Release|x86.ActiveCfg = Release|Any CPU
		{8114F417-9B4C-4FDD-93C7-8F5F6A52F047}.Release|x86.Build.0 = Release|Any CPU
		{D764603B-2FE7-4982-9540-5AC3CB4A9576}.Debug|Any CPU.ActiveCfg = Debug|Any CPU
		{D764603B-2FE7-4982-9540-5AC3CB4A9576}.Debug|Any CPU.Build.0 = Debug|Any CPU
		{D764603B-2FE7-4982-9540-5AC3CB4A9576}.Debug|x64.ActiveCfg = Debug|Any CPU
		{D764603B-2FE7-4982-9540-5AC3CB4A9576}.Debug|x64.Build.0 = Debug|Any CPU
		{D764603B-2FE7-4982-9540-5AC3CB4A9576}.Debug|x86.ActiveCfg = Debug|Any CPU
		{D764603B-2FE7-4982-9540-5AC3CB4A9576}.Debug|x86.Build.0 = Debug|Any CPU
		{D764603B-2FE7-4982-9540-5AC3CB4A9576}.Release|Any CPU.ActiveCfg = Release|Any CPU
		{D764603B-2FE7-4982-9540-5AC3CB4A9576}.Release|Any CPU.Build.0 = Release|Any CPU
		{D764603B-2FE7-4982-9540-5AC3CB4A9576}.Release|x64.ActiveCfg = Release|Any CPU
		{D764603B-2FE7-4982-9540-5AC3CB4A9576}.Release|x64.Build.0 = Release|Any CPU
		{D764603B-2FE7-4982-9540-5AC3CB4A9576}.Release|x86.ActiveCfg = Release|Any CPU
		{D764603B-2FE7-4982-9540-5AC3CB4A9576}.Release|x86.Build.0 = Release|Any CPU
		{D6BE0C95-7ED0-47D0-8FDA-850E33A031FF}.Debug|Any CPU.ActiveCfg = Debug|Any CPU
		{D6BE0C95-7ED0-47D0-8FDA-850E33A031FF}.Debug|Any CPU.Build.0 = Debug|Any CPU
		{D6BE0C95-7ED0-47D0-8FDA-850E33A031FF}.Debug|x64.ActiveCfg = Debug|Any CPU
		{D6BE0C95-7ED0-47D0-8FDA-850E33A031FF}.Debug|x64.Build.0 = Debug|Any CPU
		{D6BE0C95-7ED0-47D0-8FDA-850E33A031FF}.Debug|x86.ActiveCfg = Debug|Any CPU
		{D6BE0C95-7ED0-47D0-8FDA-850E33A031FF}.Debug|x86.Build.0 = Debug|Any CPU
		{D6BE0C95-7ED0-47D0-8FDA-850E33A031FF}.Release|Any CPU.ActiveCfg = Release|Any CPU
		{D6BE0C95-7ED0-47D0-8FDA-850E33A031FF}.Release|Any CPU.Build.0 = Release|Any CPU
		{D6BE0C95-7ED0-47D0-8FDA-850E33A031FF}.Release|x64.ActiveCfg = Release|Any CPU
		{D6BE0C95-7ED0-47D0-8FDA-850E33A031FF}.Release|x64.Build.0 = Release|Any CPU
		{D6BE0C95-7ED0-47D0-8FDA-850E33A031FF}.Release|x86.ActiveCfg = Release|Any CPU
		{D6BE0C95-7ED0-47D0-8FDA-850E33A031FF}.Release|x86.Build.0 = Release|Any CPU
		{73377596-4476-4A9B-BDE6-F15D11541CE2}.Debug|Any CPU.ActiveCfg = Debug|Any CPU
		{73377596-4476-4A9B-BDE6-F15D11541CE2}.Debug|Any CPU.Build.0 = Debug|Any CPU
		{73377596-4476-4A9B-BDE6-F15D11541CE2}.Debug|x64.ActiveCfg = Debug|Any CPU
		{73377596-4476-4A9B-BDE6-F15D11541CE2}.Debug|x64.Build.0 = Debug|Any CPU
		{73377596-4476-4A9B-BDE6-F15D11541CE2}.Debug|x86.ActiveCfg = Debug|Any CPU
		{73377596-4476-4A9B-BDE6-F15D11541CE2}.Debug|x86.Build.0 = Debug|Any CPU
		{73377596-4476-4A9B-BDE6-F15D11541CE2}.Release|Any CPU.ActiveCfg = Release|Any CPU
		{73377596-4476-4A9B-BDE6-F15D11541CE2}.Release|Any CPU.Build.0 = Release|Any CPU
		{73377596-4476-4A9B-BDE6-F15D11541CE2}.Release|x64.ActiveCfg = Release|Any CPU
		{73377596-4476-4A9B-BDE6-F15D11541CE2}.Release|x64.Build.0 = Release|Any CPU
		{73377596-4476-4A9B-BDE6-F15D11541CE2}.Release|x86.ActiveCfg = Release|Any CPU
		{73377596-4476-4A9B-BDE6-F15D11541CE2}.Release|x86.Build.0 = Release|Any CPU
		{A09BF8CC-10DE-4B95-948A-CA392EE62284}.Debug|Any CPU.ActiveCfg = Debug|Any CPU
		{A09BF8CC-10DE-4B95-948A-CA392EE62284}.Debug|Any CPU.Build.0 = Debug|Any CPU
		{A09BF8CC-10DE-4B95-948A-CA392EE62284}.Debug|x64.ActiveCfg = Debug|Any CPU
		{A09BF8CC-10DE-4B95-948A-CA392EE62284}.Debug|x64.Build.0 = Debug|Any CPU
		{A09BF8CC-10DE-4B95-948A-CA392EE62284}.Debug|x86.ActiveCfg = Debug|Any CPU
		{A09BF8CC-10DE-4B95-948A-CA392EE62284}.Debug|x86.Build.0 = Debug|Any CPU
		{A09BF8CC-10DE-4B95-948A-CA392EE62284}.Release|Any CPU.ActiveCfg = Release|Any CPU
		{A09BF8CC-10DE-4B95-948A-CA392EE62284}.Release|Any CPU.Build.0 = Release|Any CPU
		{A09BF8CC-10DE-4B95-948A-CA392EE62284}.Release|x64.ActiveCfg = Release|Any CPU
		{A09BF8CC-10DE-4B95-948A-CA392EE62284}.Release|x64.Build.0 = Release|Any CPU
		{A09BF8CC-10DE-4B95-948A-CA392EE62284}.Release|x86.ActiveCfg = Release|Any CPU
		{A09BF8CC-10DE-4B95-948A-CA392EE62284}.Release|x86.Build.0 = Release|Any CPU
		{8AF3CCFC-82C7-4DD9-8C19-8954A6067551}.Debug|Any CPU.ActiveCfg = Debug|Any CPU
		{8AF3CCFC-82C7-4DD9-8C19-8954A6067551}.Debug|Any CPU.Build.0 = Debug|Any CPU
		{8AF3CCFC-82C7-4DD9-8C19-8954A6067551}.Debug|x64.ActiveCfg = Debug|Any CPU
		{8AF3CCFC-82C7-4DD9-8C19-8954A6067551}.Debug|x64.Build.0 = Debug|Any CPU
		{8AF3CCFC-82C7-4DD9-8C19-8954A6067551}.Debug|x86.ActiveCfg = Debug|Any CPU
		{8AF3CCFC-82C7-4DD9-8C19-8954A6067551}.Debug|x86.Build.0 = Debug|Any CPU
		{8AF3CCFC-82C7-4DD9-8C19-8954A6067551}.Release|Any CPU.ActiveCfg = Release|Any CPU
		{8AF3CCFC-82C7-4DD9-8C19-8954A6067551}.Release|Any CPU.Build.0 = Release|Any CPU
		{8AF3CCFC-82C7-4DD9-8C19-8954A6067551}.Release|x64.ActiveCfg = Release|Any CPU
		{8AF3CCFC-82C7-4DD9-8C19-8954A6067551}.Release|x64.Build.0 = Release|Any CPU
		{8AF3CCFC-82C7-4DD9-8C19-8954A6067551}.Release|x86.ActiveCfg = Release|Any CPU
		{8AF3CCFC-82C7-4DD9-8C19-8954A6067551}.Release|x86.Build.0 = Release|Any CPU
		{A03BDC54-45C6-48E5-AB0C-05E225D8382E}.Debug|Any CPU.ActiveCfg = Debug|Any CPU
		{A03BDC54-45C6-48E5-AB0C-05E225D8382E}.Debug|Any CPU.Build.0 = Debug|Any CPU
		{A03BDC54-45C6-48E5-AB0C-05E225D8382E}.Debug|x64.ActiveCfg = Debug|Any CPU
		{A03BDC54-45C6-48E5-AB0C-05E225D8382E}.Debug|x64.Build.0 = Debug|Any CPU
		{A03BDC54-45C6-48E5-AB0C-05E225D8382E}.Debug|x86.ActiveCfg = Debug|Any CPU
		{A03BDC54-45C6-48E5-AB0C-05E225D8382E}.Debug|x86.Build.0 = Debug|Any CPU
		{A03BDC54-45C6-48E5-AB0C-05E225D8382E}.Release|Any CPU.ActiveCfg = Release|Any CPU
		{A03BDC54-45C6-48E5-AB0C-05E225D8382E}.Release|Any CPU.Build.0 = Release|Any CPU
		{A03BDC54-45C6-48E5-AB0C-05E225D8382E}.Release|x64.ActiveCfg = Release|Any CPU
		{A03BDC54-45C6-48E5-AB0C-05E225D8382E}.Release|x64.Build.0 = Release|Any CPU
		{A03BDC54-45C6-48E5-AB0C-05E225D8382E}.Release|x86.ActiveCfg = Release|Any CPU
		{A03BDC54-45C6-48E5-AB0C-05E225D8382E}.Release|x86.Build.0 = Release|Any CPU
		{489B3028-ABFE-4557-99E1-714D2F9680DB}.Debug|Any CPU.ActiveCfg = Debug|Any CPU
		{489B3028-ABFE-4557-99E1-714D2F9680DB}.Debug|Any CPU.Build.0 = Debug|Any CPU
		{489B3028-ABFE-4557-99E1-714D2F9680DB}.Debug|x64.ActiveCfg = Debug|Any CPU
		{489B3028-ABFE-4557-99E1-714D2F9680DB}.Debug|x64.Build.0 = Debug|Any CPU
		{489B3028-ABFE-4557-99E1-714D2F9680DB}.Debug|x86.ActiveCfg = Debug|Any CPU
		{489B3028-ABFE-4557-99E1-714D2F9680DB}.Debug|x86.Build.0 = Debug|Any CPU
		{489B3028-ABFE-4557-99E1-714D2F9680DB}.Release|Any CPU.ActiveCfg = Release|Any CPU
		{489B3028-ABFE-4557-99E1-714D2F9680DB}.Release|Any CPU.Build.0 = Release|Any CPU
		{489B3028-ABFE-4557-99E1-714D2F9680DB}.Release|x64.ActiveCfg = Release|Any CPU
		{489B3028-ABFE-4557-99E1-714D2F9680DB}.Release|x64.Build.0 = Release|Any CPU
		{489B3028-ABFE-4557-99E1-714D2F9680DB}.Release|x86.ActiveCfg = Release|Any CPU
		{489B3028-ABFE-4557-99E1-714D2F9680DB}.Release|x86.Build.0 = Release|Any CPU
		{A9EA4793-F3D0-444B-B134-8FDAA0253911}.Debug|Any CPU.ActiveCfg = Debug|Any CPU
		{A9EA4793-F3D0-444B-B134-8FDAA0253911}.Debug|Any CPU.Build.0 = Debug|Any CPU
		{A9EA4793-F3D0-444B-B134-8FDAA0253911}.Debug|x64.ActiveCfg = Debug|Any CPU
		{A9EA4793-F3D0-444B-B134-8FDAA0253911}.Debug|x64.Build.0 = Debug|Any CPU
		{A9EA4793-F3D0-444B-B134-8FDAA0253911}.Debug|x86.ActiveCfg = Debug|Any CPU
		{A9EA4793-F3D0-444B-B134-8FDAA0253911}.Debug|x86.Build.0 = Debug|Any CPU
		{A9EA4793-F3D0-444B-B134-8FDAA0253911}.Release|Any CPU.ActiveCfg = Release|Any CPU
		{A9EA4793-F3D0-444B-B134-8FDAA0253911}.Release|Any CPU.Build.0 = Release|Any CPU
		{A9EA4793-F3D0-444B-B134-8FDAA0253911}.Release|x64.ActiveCfg = Release|Any CPU
		{A9EA4793-F3D0-444B-B134-8FDAA0253911}.Release|x64.Build.0 = Release|Any CPU
		{A9EA4793-F3D0-444B-B134-8FDAA0253911}.Release|x86.ActiveCfg = Release|Any CPU
		{A9EA4793-F3D0-444B-B134-8FDAA0253911}.Release|x86.Build.0 = Release|Any CPU
		{6DC81664-43CE-4337-A476-8F0164585503}.Debug|Any CPU.ActiveCfg = Debug|Any CPU
		{6DC81664-43CE-4337-A476-8F0164585503}.Debug|Any CPU.Build.0 = Debug|Any CPU
		{6DC81664-43CE-4337-A476-8F0164585503}.Debug|x64.ActiveCfg = Debug|Any CPU
		{6DC81664-43CE-4337-A476-8F0164585503}.Debug|x64.Build.0 = Debug|Any CPU
		{6DC81664-43CE-4337-A476-8F0164585503}.Debug|x86.ActiveCfg = Debug|Any CPU
		{6DC81664-43CE-4337-A476-8F0164585503}.Debug|x86.Build.0 = Debug|Any CPU
		{6DC81664-43CE-4337-A476-8F0164585503}.Release|Any CPU.ActiveCfg = Release|Any CPU
		{6DC81664-43CE-4337-A476-8F0164585503}.Release|Any CPU.Build.0 = Release|Any CPU
		{6DC81664-43CE-4337-A476-8F0164585503}.Release|x64.ActiveCfg = Release|Any CPU
		{6DC81664-43CE-4337-A476-8F0164585503}.Release|x64.Build.0 = Release|Any CPU
		{6DC81664-43CE-4337-A476-8F0164585503}.Release|x86.ActiveCfg = Release|Any CPU
		{6DC81664-43CE-4337-A476-8F0164585503}.Release|x86.Build.0 = Release|Any CPU
		{0CE7594E-04EA-4BCA-B855-48AED9759433}.Debug|Any CPU.ActiveCfg = Debug|Any CPU
		{0CE7594E-04EA-4BCA-B855-48AED9759433}.Debug|Any CPU.Build.0 = Debug|Any CPU
		{0CE7594E-04EA-4BCA-B855-48AED9759433}.Debug|x64.ActiveCfg = Debug|Any CPU
		{0CE7594E-04EA-4BCA-B855-48AED9759433}.Debug|x64.Build.0 = Debug|Any CPU
		{0CE7594E-04EA-4BCA-B855-48AED9759433}.Debug|x86.ActiveCfg = Debug|Any CPU
		{0CE7594E-04EA-4BCA-B855-48AED9759433}.Debug|x86.Build.0 = Debug|Any CPU
		{0CE7594E-04EA-4BCA-B855-48AED9759433}.Release|Any CPU.ActiveCfg = Release|Any CPU
		{0CE7594E-04EA-4BCA-B855-48AED9759433}.Release|Any CPU.Build.0 = Release|Any CPU
		{0CE7594E-04EA-4BCA-B855-48AED9759433}.Release|x64.ActiveCfg = Release|Any CPU
		{0CE7594E-04EA-4BCA-B855-48AED9759433}.Release|x64.Build.0 = Release|Any CPU
		{0CE7594E-04EA-4BCA-B855-48AED9759433}.Release|x86.ActiveCfg = Release|Any CPU
		{0CE7594E-04EA-4BCA-B855-48AED9759433}.Release|x86.Build.0 = Release|Any CPU
	EndGlobalSection
	GlobalSection(SolutionProperties) = preSolution
		HideSolutionNode = FALSE
	EndGlobalSection
	GlobalSection(NestedProjects) = preSolution
		{8AF3CCFC-82C7-4DD9-8C19-8954A6067551} = {07D57EEB-2F50-60C4-C011-FE4FA775C9A8}
		{A03BDC54-45C6-48E5-AB0C-05E225D8382E} = {07D57EEB-2F50-60C4-C011-FE4FA775C9A8}
		{489B3028-ABFE-4557-99E1-714D2F9680DB} = {07D57EEB-2F50-60C4-C011-FE4FA775C9A8}
		{A9EA4793-F3D0-444B-B134-8FDAA0253911} = {07D57EEB-2F50-60C4-C011-FE4FA775C9A8}
		{6DC81664-43CE-4337-A476-8F0164585503} = {07D57EEB-2F50-60C4-C011-FE4FA775C9A8}
		{0CE7594E-04EA-4BCA-B855-48AED9759433} = {07D57EEB-2F50-60C4-C011-FE4FA775C9A8}
	EndGlobalSection
EndGlobal
